// !$*UTF8*$!
{
	archiveVersion = 1;
	classes = {
	};
	objectVersion = 56;
	objects = {

/* Begin PBXBuildFile section */
		"'F0003001'" = {isa = PBXBuildFile; productRef = F0900001; };
		858ACF162F28A2BB0015612A /* ObjectBox.xcframework in Frameworks */ = {isa = PBXBuildFile; productRef = 858ACF152F28A2BB0015612A /* ObjectBox.xcframework */; };
/* End PBXBuildFile section */

/* Begin PBXContainerItemProxy section */
		"'SVC300001'" = {
			isa = PBXContainerItemProxy;
			containerPortal = F0700001;
			proxyType = 1;
			remoteGlobalIDString = SVC500001;
			remoteInfo = com.ttttt.dmsa.service;
		};
/* End PBXContainerItemProxy section */

/* Begin PBXCopyFilesBuildPhase section */
		"'SVC400005'" = {
			isa = PBXCopyFilesBuildPhase;
			buildActionMask = 2147483647;
			dstPath = Contents/Library/LaunchServices;
			dstSubfolderSpec = 1;
			files = (
				COPY001003,
			);
			name = "Copy Service";
			runOnlyForDeploymentPostprocessing = 0;
		};
		"'SVC400006'" = {
			isa = PBXCopyFilesBuildPhase;
			buildActionMask = 2147483647;
			dstPath = "";
			dstSubfolderSpec = 7;
			files = (
				COPY001004,
			);
			name = "Copy LaunchDaemon plist";
			runOnlyForDeploymentPostprocessing = 0;
		};
/* End PBXCopyFilesBuildPhase section */

/* Begin PBXFileReference section */
		"'F0000001'" = {isa = PBXFileReference; explicitFileType = wrapper.application; includeInIndex = 0; path = DMSA.app; sourceTree = BUILT_PRODUCTS_DIR; };
		"'F0101001'" = {isa = PBXFileReference; lastKnownFileType = sourcecode.swift; path = main.swift; sourceTree = "<group>"; };
		"'F0101002'" = {isa = PBXFileReference; lastKnownFileType = sourcecode.swift; path = AppDelegate.swift; sourceTree = "<group>"; };
		"'F0101003'" = {isa = PBXFileReference; lastKnownFileType = sourcecode.swift; path = ConfigExtensions.swift; sourceTree = "<group>"; };
		"'F0101004'" = {isa = PBXFileReference; lastKnownFileType = sourcecode.swift; path = DiskConfigEntity.swift; sourceTree = "<group>"; };
		"'F0101005'" = {isa = PBXFileReference; lastKnownFileType = sourcecode.swift; path = FileEntry.swift; sourceTree = "<group>"; };
		"'F0101006'" = {isa = PBXFileReference; lastKnownFileType = sourcecode.swift; path = SyncHistory.swift; sourceTree = "<group>"; };
		"'F0101007'" = {isa = PBXFileReference; lastKnownFileType = sourcecode.swift; path = SyncPairEntity.swift; sourceTree = "<group>"; };
		"'F0101008'" = {isa = PBXFileReference; lastKnownFileType = sourcecode.swift; path = SyncStatistics.swift; sourceTree = "<group>"; };
		"'F0101011'" = {isa = PBXFileReference; lastKnownFileType = sourcecode.swift; path = DiskManager.swift; sourceTree = "<group>"; };
		"'F0101012'" = {isa = PBXFileReference; lastKnownFileType = sourcecode.swift; path = ConfigManager.swift; sourceTree = "<group>"; };
		"'F0101014'" = {isa = PBXFileReference; lastKnownFileType = sourcecode.swift; path = AlertManager.swift; sourceTree = "<group>"; };
		"'F0101017'" = {isa = PBXFileReference; lastKnownFileType = sourcecode.swift; path = MenuBarManager.swift; sourceTree = "<group>"; };
		"'F0101018'" = {isa = PBXFileReference; lastKnownFileType = sourcecode.swift; path = Constants.swift; sourceTree = "<group>"; };
		"'F0101019'" = {isa = PBXFileReference; lastKnownFileType = sourcecode.swift; path = Errors.swift; sourceTree = "<group>"; };
		"'F0101020'" = {isa = PBXFileReference; lastKnownFileType = sourcecode.swift; path = Logger.swift; sourceTree = "<group>"; };
		"'F0101021'" = {isa = PBXFileReference; lastKnownFileType = sourcecode.swift; path = "Animation+DMSA.swift"; sourceTree = "<group>"; };
		"'F0101022'" = {isa = PBXFileReference; lastKnownFileType = sourcecode.swift; path = "Color+DMSA.swift"; sourceTree = "<group>"; };
		"'F0101023'" = {isa = PBXFileReference; lastKnownFileType = sourcecode.swift; path = Localization.swift; sourceTree = "<group>"; };
		"'F0101024'" = {isa = PBXFileReference; lastKnownFileType = sourcecode.swift; path = ButtonStyles.swift; sourceTree = "<group>"; };
		"'F0101025'" = {isa = PBXFileReference; lastKnownFileType = sourcecode.swift; path = CardStyles.swift; sourceTree = "<group>"; };
		"'F0101026'" = {isa = PBXFileReference; lastKnownFileType = sourcecode.swift; path = DiskCard.swift; sourceTree = "<group>"; };
		"'F0101027'" = {isa = PBXFileReference; lastKnownFileType = sourcecode.swift; path = PatternListEditor.swift; sourceTree = "<group>"; };
		"'F0101028'" = {isa = PBXFileReference; lastKnownFileType = sourcecode.swift; path = PickerRow.swift; sourceTree = "<group>"; };
		"'F0101029'" = {isa = PBXFileReference; lastKnownFileType = sourcecode.swift; path = SectionHeader.swift; sourceTree = "<group>"; };
		"'F0101030'" = {isa = PBXFileReference; lastKnownFileType = sourcecode.swift; path = SettingRow.swift; sourceTree = "<group>"; };
		"'F0101031'" = {isa = PBXFileReference; lastKnownFileType = sourcecode.swift; path = SliderRow.swift; sourceTree = "<group>"; };
		"'F0101032'" = {isa = PBXFileReference; lastKnownFileType = sourcecode.swift; path = StorageBar.swift; sourceTree = "<group>"; };
		"'F0101033'" = {isa = PBXFileReference; lastKnownFileType = sourcecode.swift; path = ToggleRow.swift; sourceTree = "<group>"; };
		"'F0101034'" = {isa = PBXFileReference; lastKnownFileType = sourcecode.swift; path = AboutView.swift; sourceTree = "<group>"; };
		"'F0101035'" = {isa = PBXFileReference; lastKnownFileType = sourcecode.swift; path = ErrorView.swift; sourceTree = "<group>"; };
		"'F0101036'" = {isa = PBXFileReference; lastKnownFileType = sourcecode.swift; path = RecoveryWizard.swift; sourceTree = "<group>"; };
		"'F0101049'" = {isa = PBXFileReference; lastKnownFileType = sourcecode.swift; path = NotificationRecord.swift; sourceTree = "<group>"; };
		"'F0101050'" = {isa = PBXFileReference; lastKnownFileType = sourcecode.swift; path = MainView.swift; sourceTree = "<group>"; };
		"'F0101052'" = {isa = PBXFileReference; lastKnownFileType = sourcecode.swift; path = LogView.swift; sourceTree = "<group>"; };
		"'F0101054'" = {isa = PBXFileReference; lastKnownFileType = sourcecode.swift; path = LaunchAtLoginManager.swift; sourceTree = "<group>"; };
		"'F0101055'" = {isa = PBXFileReference; lastKnownFileType = sourcecode.swift; path = AppearanceManager.swift; sourceTree = "<group>"; };
		"'F0101060'" = {isa = PBXFileReference; lastKnownFileType = sourcecode.swift; path = FileMetadata.swift; sourceTree = "<group>"; };
		"'F0101061'" = {isa = PBXFileReference; lastKnownFileType = sourcecode.swift; path = SyncPlan.swift; sourceTree = "<group>"; };
		"'F0101062'" = {isa = PBXFileReference; lastKnownFileType = sourcecode.swift; path = ConflictInfo.swift; sourceTree = "<group>"; };
		"'F0101063'" = {isa = PBXFileReference; lastKnownFileType = sourcecode.swift; path = SyncProgress.swift; sourceTree = "<group>"; };
		"'F0101071'" = {isa = PBXFileReference; lastKnownFileType = sourcecode.swift; path = PermissionManager.swift; sourceTree = "<group>"; };
		"'F0101072'" = {isa = PBXFileReference; lastKnownFileType = sourcecode.swift; path = PermissionRow.swift; sourceTree = "<group>"; };
		"'F0101073'" = {isa = PBXFileReference; lastKnownFileType = sourcecode.swift; path = DashboardView.swift; sourceTree = "<group>"; };
		"'F0101074'" = {isa = PBXFileReference; lastKnownFileType = sourcecode.swift; path = FUSEManager.swift; sourceTree = "<group>"; };
		"'F0101083'" = {isa = PBXFileReference; lastKnownFileType = sourcecode.swift; path = PathValidator.swift; sourceTree = "<group>"; };
		"'F0101084'" = {isa = PBXFileReference; lastKnownFileType = sourcecode.swift; path = ServiceClient.swift; sourceTree = "<group>"; };
		"'F0101085'" = {isa = PBXFileReference; lastKnownFileType = sourcecode.swift; path = ServiceInstaller.swift; sourceTree = "<group>"; };
		"'F0201002'" = {isa = PBXFileReference; lastKnownFileType = text.plist.strings; name = en; path = en.lproj/Localizable.strings; sourceTree = "<group>"; };
		"'F0201003'" = {isa = PBXFileReference; lastKnownFileType = text.plist.strings; name = "zh-Hans"; path = "zh-Hans.lproj/Localizable.strings"; sourceTree = "<group>"; };
		"'F0201004'" = {isa = PBXFileReference; lastKnownFileType = folder.assetcatalog; path = Assets.xcassets; sourceTree = "<group>"; };
		"'F0201005'" = {isa = PBXFileReference; lastKnownFileType = text.plist.xml; path = Info.plist; sourceTree = "<group>"; };
		"'F0201006'" = {isa = PBXFileReference; lastKnownFileType = text.plist.entitlements; path = DMSA.entitlements; sourceTree = "<group>"; };
		"'GEN101001'" = {isa = PBXFileReference; lastKnownFileType = sourcecode.swift; path = "EntityInfo-com.ttttt.dmsa.service.generated.swift"; sourceTree = "<group>"; };
		"'SHARED101004'" = {isa = PBXFileReference; lastKnownFileType = sourcecode.swift; name = SharedConstants.swift; path = Constants.swift; sourceTree = "<group>"; };
		"'SHARED101005'" = {isa = PBXFileReference; lastKnownFileType = sourcecode.swift; name = SharedErrors.swift; path = Errors.swift; sourceTree = "<group>"; };
		"'SHARED101006'" = {isa = PBXFileReference; lastKnownFileType = sourcecode.swift; name = SharedLogger.swift; path = Logger.swift; sourceTree = "<group>"; };
		"'SHARED101007'" = {isa = PBXFileReference; lastKnownFileType = sourcecode.swift; name = SharedPathValidator.swift; path = PathValidator.swift; sourceTree = "<group>"; };
		"'SHARED101008'" = {isa = PBXFileReference; lastKnownFileType = sourcecode.swift; name = SharedConfig.swift; path = Config.swift; sourceTree = "<group>"; };
		"'SHARED101009'" = {isa = PBXFileReference; lastKnownFileType = sourcecode.swift; name = SharedFileEntry.swift; path = FileEntry.swift; sourceTree = "<group>"; };
		"'SHARED101010'" = {isa = PBXFileReference; lastKnownFileType = sourcecode.swift; name = SharedSyncHistory.swift; path = SyncHistory.swift; sourceTree = "<group>"; };
		"'SHARED101011'" = {isa = PBXFileReference; lastKnownFileType = sourcecode.swift; path = SharedState.swift; sourceTree = "<group>"; };
		"'SHARED101012'" = {isa = PBXFileReference; lastKnownFileType = sourcecode.swift; name = SharedSyncProgress.swift; path = SyncProgress.swift; sourceTree = "<group>"; };
		"'SHARED101013'" = {isa = PBXFileReference; lastKnownFileType = sourcecode.swift; path = DMSAServiceProtocol.swift; sourceTree = "<group>"; };
		"'SHARED101014'" = {isa = PBXFileReference; lastKnownFileType = sourcecode.swift; name = SharedFileMetadata.swift; path = FileMetadata.swift; sourceTree = "<group>"; };
		"'SHARED101015'" = {isa = PBXFileReference; lastKnownFileType = sourcecode.swift; name = SharedSyncPlan.swift; path = SyncPlan.swift; sourceTree = "<group>"; };
		"'SHARED101016'" = {isa = PBXFileReference; lastKnownFileType = sourcecode.swift; name = SharedConflictInfo.swift; path = ConflictInfo.swift; sourceTree = "<group>"; };
		"'SHARED101017'" = {isa = PBXFileReference; lastKnownFileType = sourcecode.swift; name = SharedSyncTask.swift; path = SyncTask.swift; sourceTree = "<group>"; };
		"'SHARED101018'" = {isa = PBXFileReference; lastKnownFileType = sourcecode.swift; name = SharedNotificationRecord.swift; path = NotificationRecord.swift; sourceTree = "<group>"; };
		"'SHARED101019'" = {isa = PBXFileReference; lastKnownFileType = sourcecode.swift; name = SharedUserPathManager.swift; path = UserPathManager.swift; sourceTree = "<group>"; };
		"'SVC000001'" = {isa = PBXFileReference; explicitFileType = "compiled.mach-o.executable"; includeInIndex = 0; path = com.ttttt.dmsa.service; sourceTree = BUILT_PRODUCTS_DIR; };
		"'SVC101001'" = {isa = PBXFileReference; lastKnownFileType = sourcecode.swift; path = main.swift; sourceTree = "<group>"; };
		"'SVC101002'" = {isa = PBXFileReference; lastKnownFileType = sourcecode.swift; path = ServiceDelegate.swift; sourceTree = "<group>"; };
		"'SVC101003'" = {isa = PBXFileReference; lastKnownFileType = sourcecode.swift; path = ServiceImplementation.swift; sourceTree = "<group>"; };
		"'SVC101004'" = {isa = PBXFileReference; lastKnownFileType = sourcecode.swift; path = VFSManager.swift; sourceTree = "<group>"; };
		"'SVC101005'" = {isa = PBXFileReference; lastKnownFileType = sourcecode.swift; path = FUSEFileSystem.swift; sourceTree = "<group>"; };
		"'SVC101006'" = {isa = PBXFileReference; lastKnownFileType = sourcecode.swift; path = SyncManager.swift; sourceTree = "<group>"; };
		"'SVC101007'" = {isa = PBXFileReference; lastKnownFileType = sourcecode.swift; path = PrivilegedOperations.swift; sourceTree = "<group>"; };
		"'SVC101008'" = {isa = PBXFileReference; lastKnownFileType = sourcecode.swift; path = EvictionManager.swift; sourceTree = "<group>"; };
		"'SVC101009'" = {isa = PBXFileReference; lastKnownFileType = text.plist.xml; path = Info.plist; sourceTree = "<group>"; };
		"'SVC101010'" = {isa = PBXFileReference; lastKnownFileType = text.plist.entitlements; path = DMSAService.entitlements; sourceTree = "<group>"; };
		"'SVC101011'" = {isa = PBXFileReference; lastKnownFileType = text.plist.xml; path = com.ttttt.dmsa.service.plist; sourceTree = "<group>"; };
		"'SVC101012'" = {isa = PBXFileReference; lastKnownFileType = sourcecode.swift; path = ServiceDatabaseManager.swift; sourceTree = "<group>"; };
		"'SVC101013'" = {isa = PBXFileReference; lastKnownFileType = sourcecode.swift; path = ServiceConfigManager.swift; sourceTree = "<group>"; };
		"'SVC101014'" = {isa = PBXFileReference; lastKnownFileType = sourcecode.swift; path = ServiceTreeVersionManager.swift; sourceTree = "<group>"; };
		"'SVC101015'" = {isa = PBXFileReference; lastKnownFileType = sourcecode.swift; path = ServiceFSEventsMonitor.swift; sourceTree = "<group>"; };
		"'SVC101016'" = {isa = PBXFileReference; lastKnownFileType = sourcecode.swift; path = ServiceDiskMonitor.swift; sourceTree = "<group>"; };
		"'SVC101017'" = {isa = PBXFileReference; lastKnownFileType = sourcecode.swift; path = NativeSyncEngine.swift; sourceTree = "<group>"; };
		"'SVC101018'" = {isa = PBXFileReference; lastKnownFileType = sourcecode.swift; path = FileScanner.swift; sourceTree = "<group>"; };
		"'SVC101019'" = {isa = PBXFileReference; lastKnownFileType = sourcecode.swift; path = FileHasher.swift; sourceTree = "<group>"; };
		"'SVC101020'" = {isa = PBXFileReference; lastKnownFileType = sourcecode.swift; path = DiffEngine.swift; sourceTree = "<group>"; };
		"'SVC101021'" = {isa = PBXFileReference; lastKnownFileType = sourcecode.swift; path = FileCopier.swift; sourceTree = "<group>"; };
		"'SVC101022'" = {isa = PBXFileReference; lastKnownFileType = sourcecode.swift; path = ConflictResolver.swift; sourceTree = "<group>"; };
		"'SVC101023'" = {isa = PBXFileReference; lastKnownFileType = sourcecode.swift; path = SyncStateManager.swift; sourceTree = "<group>"; };
		"'SVC101024'" = {isa = PBXFileReference; lastKnownFileType = sourcecode.swift; path = LockManager.swift; sourceTree = "<group>"; };
		"'SVC101025'" = {isa = PBXFileReference; lastKnownFileType = sourcecode.swift; path = ServiceSyncProgress.swift; sourceTree = "<group>"; };
		"'SVC101026'" = {isa = PBXFileReference; lastKnownFileType = sourcecode.c.c; path = fuse_wrapper.c; sourceTree = "<group>"; };
		"'SVC101028'" = {isa = PBXFileReference; lastKnownFileType = sourcecode.c.h; path = fuse_wrapper.h; sourceTree = "<group>"; };
		"'SVC101029'" = {isa = PBXFileReference; lastKnownFileType = sourcecode.c.h; path = "DMSAService-Bridging-Header.h"; sourceTree = "<group>"; };
		"'XPC101005'" = {isa = PBXFileReference; lastKnownFileType = sourcecode.swift; path = XPCClientTypes.swift; sourceTree = "<group>"; };
/* End PBXFileReference section */

/* Begin PBXFrameworksBuildPhase section */
		"'F0300001'" = {
			isa = PBXFrameworksBuildPhase;
			buildActionMask = 2147483647;
			files = (
				F0003001,
			);
			runOnlyForDeploymentPostprocessing = 0;
		};
		"'SVC300002'" = {
			isa = PBXFrameworksBuildPhase;
			buildActionMask = 2147483647;
			files = (
				858ACF162F28A2BB0015612A /* ObjectBox.xcframework in Frameworks */,
			);
			runOnlyForDeploymentPostprocessing = 0;
		};
/* End PBXFrameworksBuildPhase section */

/* Begin PBXGroup section */
		"'F0400000'" = {
			isa = PBXGroup;
			children = (
				SHARED400000,
				F0400001,
				SVC400000,
				GEN400000,
				F0400002,
			);
			sourceTree = "<group>";
		};
		"'F0400001'" = {
			isa = PBXGroup;
			children = (
				F0101001,
				F0400003,
				F0400004,
				F0400005,
				XPC400000,
				F0400006,
				F0400007,
				F0400008,
			);
			path = DMSAApp;
			sourceTree = "<group>";
		};
		"'F0400002'" = {
			isa = PBXGroup;
			children = (
				F0000001,
				SVC000001,
			);
			name = Products;
			sourceTree = "<group>";
		};
		"'F0400003'" = {
			isa = PBXGroup;
			children = (
				F0101002,
			);
			path = App;
			sourceTree = "<group>";
		};
		"'F0400004'" = {
			isa = PBXGroup;
			children = (
				F0101003,
				F0400009,
				F0400021,
			);
			path = Models;
			sourceTree = "<group>";
		};
		"'F0400005'" = {
			isa = PBXGroup;
			children = (
				F0101055,
				F0101012,
				F0101011,
				F0101054,
				F0101014,
				F0101071,
				F0101084,
				F0101085,
				F93176731F1554B49F0EA2C2 /* VFS */,
			);
			path = Services;
			sourceTree = "<group>";
		};
		"'F0400006'" = {
			isa = PBXGroup;
			children = (
				F0101017,
				F0400010,
				F0400011,
				F0400012,
				F0400013,
			);
			path = UI;
			sourceTree = "<group>";
		};
		"'F0400007'" = {
			isa = PBXGroup;
			children = (
				F0101018,
				F0101019,
				F0101020,
				F0101083,
			);
			path = Utils;
			sourceTree = "<group>";
		};
		"'F0400008'" = {
			isa = PBXGroup;
			children = (
				F0201004,
				F0201001,
				F0201005,
				F0201006,
			);
			path = Resources;
			sourceTree = "<group>";
		};
		"'F0400009'" = {
			isa = PBXGroup;
			children = (
				F0101004,
				F0101005,
				F0101006,
				F0101007,
				F0101008,
				F0101049,
			);
			path = Entities;
			sourceTree = "<group>";
		};
		"'F0400010'" = {
			isa = PBXGroup;
			children = (
				F0101021,
				F0101022,
				F0101023,
			);
			path = Extensions;
			sourceTree = "<group>";
		};
		"'F0400011'" = {
			isa = PBXGroup;
			children = (
				F0101024,
				F0101025,
			);
			path = Styles;
			sourceTree = "<group>";
		};
		"'F0400012'" = {
			isa = PBXGroup;
			children = (
				F0101026,
				F0101027,
				F0101072,
				F0101028,
				F0101029,
				F0101030,
				F0101031,
				F0101032,
				F0101033,
			);
			path = Components;
			sourceTree = "<group>";
		};
		"'F0400013'" = {
			isa = PBXGroup;
			children = (
				F0101050,
				F0400014,
				F0400015,
				F0400019,
				F0400020,
				F0400016,
				F0400017,
				F0400018,
			);
			path = Views;
			sourceTree = "<group>";
		};
		"'F0400014'" = {
			isa = PBXGroup;
			children = (
				F0101034,
				F0101035,
				F0101036,
			);
			path = Common;
			sourceTree = "<group>";
		};
		"'F0400015'" = {
			isa = PBXGroup;
			children = (
			);
			path = History;
			sourceTree = "<group>";
		};
		"'F0400016'" = {
			isa = PBXGroup;
			children = (
			);
			path = Progress;
			sourceTree = "<group>";
		};
		"'F0400017'" = {
			isa = PBXGroup;
			children = (
				F0101073,
			);
			path = Settings;
			sourceTree = "<group>";
		};
		"'F0400018'" = {
			isa = PBXGroup;
			children = (
			);
			path = Wizard;
			sourceTree = "<group>";
		};
		"'F0400019'" = {
			isa = PBXGroup;
			children = (
				F0101052,
			);
			path = Logs;
			sourceTree = "<group>";
		};
		"'F0400020'" = {
			isa = PBXGroup;
			children = (
			);
			path = Notifications;
			sourceTree = "<group>";
		};
		"'F0400021'" = {
			isa = PBXGroup;
			children = (
				F0101060,
				F0101061,
				F0101062,
				F0101063,
			);
			path = Sync;
			sourceTree = "<group>";
		};
		"'GEN400000'" = {
			isa = PBXGroup;
			children = (
				GEN101001,
			);
			path = generated;
			sourceTree = "<group>";
		};
		"'SHARED400000'" = {
			isa = PBXGroup;
			children = (
				SHARED400001,
				SHARED400002,
				SHARED400003,
			);
			path = DMSAShared;
			sourceTree = "<group>";
		};
		"'SHARED400001'" = {
			isa = PBXGroup;
			children = (
				SHARED101013,
			);
			path = Protocols;
			sourceTree = "<group>";
		};
		"'SHARED400002'" = {
			isa = PBXGroup;
			children = (
				SHARED101004,
				SHARED101005,
				SHARED101006,
				SHARED101007,
				SHARED101019,
			);
			path = Utils;
			sourceTree = "<group>";
		};
		"'SHARED400003'" = {
			isa = PBXGroup;
			children = (
				SHARED101008,
				SHARED101009,
				SHARED101010,
				SHARED101011,
				SHARED101018,
				SHARED400004,
			);
			path = Models;
			sourceTree = "<group>";
		};
		"'SHARED400004'" = {
			isa = PBXGroup;
			children = (
				SHARED101012,
				SHARED101014,
				SHARED101015,
				SHARED101016,
				SHARED101017,
			);
			path = Sync;
			sourceTree = "<group>";
		};
		"'SVC400000'" = {
			isa = PBXGroup;
			children = (
				SVC101001,
				SVC101002,
				SVC101003,
				SVC101029,
				SVC400001,
				SVC400002,
				SVC400003,
				SVC400007,
				SVC400008,
				SVC400004,
			);
			path = DMSAService;
			sourceTree = "<group>";
		};
		"'SVC400001'" = {
			isa = PBXGroup;
			children = (
				SVC101004,
				SVC101005,
				SVC101008,
				SVC101024,
				SVC101026,
				SVC101028,
			);
			path = VFS;
			sourceTree = "<group>";
		};
		"'SVC400002'" = {
			isa = PBXGroup;
			children = (
				SVC101006,
				SVC101017,
				SVC101018,
				SVC101019,
				SVC101020,
				SVC101021,
				SVC101022,
				SVC101023,
				SVC101025,
			);
			path = Sync;
			sourceTree = "<group>";
		};
		"'SVC400003'" = {
			isa = PBXGroup;
			children = (
				SVC101007,
			);
			path = Privileged;
			sourceTree = "<group>";
		};
		"'SVC400004'" = {
			isa = PBXGroup;
			children = (
				SVC101009,
				SVC101010,
				SVC101011,
			);
			path = Resources;
			sourceTree = "<group>";
		};
		"'SVC400007'" = {
			isa = PBXGroup;
			children = (
				SVC101012,
				SVC101013,
				SVC101014,
			);
			path = Data;
			sourceTree = "<group>";
		};
		"'SVC400008'" = {
			isa = PBXGroup;
			children = (
				SVC101015,
				SVC101016,
			);
			path = Monitor;
			sourceTree = "<group>";
		};
		"'XPC400000'" = {
			isa = PBXGroup;
			children = (
				XPC101005,
			);
			path = XPCClients;
			sourceTree = "<group>";
		};
		F93176731F1554B49F0EA2C2 /* VFS */ = {
			isa = PBXGroup;
			children = (
				F0101074,
			);
			path = VFS;
			sourceTree = "<group>";
		};
/* End PBXGroup section */

/* Begin PBXNativeTarget section */
		"'F0500001'" = {
			isa = PBXNativeTarget;
			buildConfigurationList = F0600001;
			buildPhases = (
				F0500002,
				F0300001,
				F0500003,
				SVC400005,
				SVC400006,
			);
			buildRules = (
			);
			dependencies = (
				SVC300003,
			);
			name = DMSAApp;
			packageProductDependencies = (
				F0900001,
			);
			productName = DMSAApp;
			productReference = F0000001;
			productType = "com.apple.product-type.application";
		};
		"'SVC500001'" = {
			isa = PBXNativeTarget;
			buildConfigurationList = SVC600001;
			buildPhases = (
				SVC500002,
				SVC300002,
			);
			buildRules = (
			);
			dependencies = (
			);
			name = com.ttttt.dmsa.service;
			productName = com.ttttt.dmsa.service;
			productReference = SVC000001;
			productType = "com.apple.product-type.tool";
		};
/* End PBXNativeTarget section */

/* Begin PBXProject section */
		"'F0700001'" = {
			isa = PBXProject;
			attributes = {
				BuildIndependentTargetsInParallel = 1;
				LastSwiftUpdateCheck = 1500;
				LastUpgradeCheck = 1500;
				TargetAttributes = {
					F0500001 = {
						CreatedOnToolsVersion = 15.0;
					};
					SVC500001 = {
						CreatedOnToolsVersion = 15.0;
					};
				};
			};
			buildConfigurationList = F0600002;
			compatibilityVersion = "Xcode 14.0";
			developmentRegion = en;
			hasScannedForEncodings = 0;
			knownRegions = (
				en,
				Base,
				"zh-Hans",
			);
			mainGroup = F0400000;
			packageReferences = (
				F0A00001,
				858ACF142F28A2BB0015612A /* XCRemoteSwiftPackageReference "objectbox-swift-spm" */,
			);
			productRefGroup = F0400002;
			projectDirPath = "";
			projectRoot = "";
			targets = (
				F0500001,
				SVC500001,
			);
		};
/* End PBXProject section */

/* Begin PBXResourcesBuildPhase section */
		"'F0500003'" = {
			isa = PBXResourcesBuildPhase;
			buildActionMask = 2147483647;
			files = (
				F0002002,
				F0002001,
			);
			runOnlyForDeploymentPostprocessing = 0;
		};
/* End PBXResourcesBuildPhase section */

/* Begin PBXSourcesBuildPhase section */
		"'F0500002'" = {
			isa = PBXSourcesBuildPhase;
			buildActionMask = 2147483647;
			files = (
				F0001001,
				F0001002,
				F0001003,
				F0001004,
				F0001005,
				F0001006,
				F0001007,
				F0001008,
				F0001011,
				F0001012,
				F0001014,
				F0001054,
				F0001055,
				F0001017,
				F0001018,
				F0001019,
				F0001020,
				F0001021,
				F0001022,
				F0001023,
				F0001024,
				F0001025,
				F0001026,
				F0001027,
				F0001028,
				F0001029,
				F0001030,
				F0001031,
				F0001032,
				F0001033,
				F0001034,
				F0001035,
				F0001036,
				F0001049,
				F0001050,
				F0001052,
				F0001060,
				F0001061,
				F0001062,
				F0001063,
				F0001071,
				F0001072,
				F0001073,
				F0001074,
				F0001084,
				F0001085,
				SHARED001008,
				SHARED001013,
				SHARED001011,
				SHARED001019,
				F0001083,
				XPC001005,
			);
			runOnlyForDeploymentPostprocessing = 0;
		};
		"'SVC500002'" = {
			isa = PBXSourcesBuildPhase;
			buildActionMask = 2147483647;
			files = (
				SVC001001,
				SVC001002,
				SVC001003,
				SVC001004,
				SVC001005,
				SVC001006,
				SVC001007,
				SVC001008,
				SVC001012,
				SVC001013,
				SVC001014,
				SVC001015,
				SVC001016,
				SVC001017,
				SVC001018,
				SVC001019,
				SVC001020,
				SVC001021,
				SVC001022,
				SVC001023,
				SVC001101,
				SVC001102,
				SVC001103,
				SVC001104,
				SVC001105,
				SVC001119,
				SVC001106,
				SVC001107,
				SVC001108,
				SVC001109,
				SVC001110,
				SVC001111,
				SVC001112,
				SVC001113,
				SVC001114,
				SVC001024,
				SVC001025,
				SVC001115,
				SVC001026,
				GEN001001,
			);
			runOnlyForDeploymentPostprocessing = 0;
		};
/* End PBXSourcesBuildPhase section */

/* Begin PBXTargetDependency section */
		"'SVC300003'" = {
			isa = PBXTargetDependency;
			target = SVC500001;
			targetProxy = SVC300001;
		};
/* End PBXTargetDependency section */

/* Begin PBXVariantGroup section */
		"'F0201001'" = {
			isa = PBXVariantGroup;
			children = (
				F0201002,
				F0201003,
			);
			name = Localizable.strings;
			sourceTree = "<group>";
		};
/* End PBXVariantGroup section */

/* Begin XCBuildConfiguration section */
		"'F0800001'" = {
			isa = XCBuildConfiguration;
			buildSettings = {
				ALWAYS_SEARCH_USER_PATHS = NO;
				ASSETCATALOG_COMPILER_GENERATE_SWIFT_ASSET_SYMBOL_EXTENSIONS = YES;
				CLANG_ANALYZER_NONNULL = YES;
				CLANG_ANALYZER_NUMBER_OBJECT_CONVERSION = YES_AGGRESSIVE;
				CLANG_CXX_LANGUAGE_STANDARD = "gnu++20";
				CLANG_ENABLE_MODULES = YES;
				CLANG_ENABLE_OBJC_ARC = YES;
				CLANG_ENABLE_OBJC_WEAK = YES;
				CLANG_WARN_BLOCK_CAPTURE_AUTORELEASING = YES;
				CLANG_WARN_BOOL_CONVERSION = YES;
				CLANG_WARN_COMMA = YES;
				CLANG_WARN_CONSTANT_CONVERSION = YES;
				CLANG_WARN_DEPRECATED_OBJC_IMPLEMENTATIONS = YES;
				CLANG_WARN_DIRECT_OBJC_ISA_USAGE = YES_ERROR;
				CLANG_WARN_DOCUMENTATION_COMMENTS = YES;
				CLANG_WARN_EMPTY_BODY = YES;
				CLANG_WARN_ENUM_CONVERSION = YES;
				CLANG_WARN_INFINITE_RECURSION = YES;
				CLANG_WARN_INT_CONVERSION = YES;
				CLANG_WARN_NON_LITERAL_NULL_CONVERSION = YES;
				CLANG_WARN_OBJC_IMPLICIT_RETAIN_SELF = YES;
				CLANG_WARN_OBJC_LITERAL_CONVERSION = YES;
				CLANG_WARN_OBJC_ROOT_CLASS = YES_ERROR;
				CLANG_WARN_QUOTED_INCLUDE_IN_FRAMEWORK_HEADER = YES;
				CLANG_WARN_RANGE_LOOP_ANALYSIS = YES;
				CLANG_WARN_STRICT_PROTOTYPES = YES;
				CLANG_WARN_SUSPICIOUS_MOVE = YES;
				CLANG_WARN_UNGUARDED_AVAILABILITY = YES_AGGRESSIVE;
				CLANG_WARN_UNREACHABLE_CODE = YES;
				CLANG_WARN__DUPLICATE_METHOD_MATCH = YES;
				COPY_PHASE_STRIP = NO;
				DEBUG_INFORMATION_FORMAT = dwarf;
				ENABLE_STRICT_OBJC_MSGSEND = YES;
				ENABLE_TESTABILITY = YES;
				ENABLE_USER_SCRIPT_SANDBOXING = YES;
				GCC_C_LANGUAGE_STANDARD = gnu17;
				GCC_DYNAMIC_NO_PIC = NO;
				GCC_NO_COMMON_BLOCKS = YES;
				GCC_OPTIMIZATION_LEVEL = 0;
				GCC_PREPROCESSOR_DEFINITIONS = (
					"DEBUG=1",
					"$(inherited)",
				);
				GCC_WARN_64_TO_32_BIT_CONVERSION = YES;
				GCC_WARN_ABOUT_RETURN_TYPE = YES_ERROR;
				GCC_WARN_UNDECLARED_SELECTOR = YES;
				GCC_WARN_UNINITIALIZED_AUTOS = YES_AGGRESSIVE;
				GCC_WARN_UNUSED_FUNCTION = YES;
				GCC_WARN_UNUSED_VARIABLE = YES;
				LOCALIZATION_PREFERS_STRING_CATALOGS = YES;
				MACOSX_DEPLOYMENT_TARGET = 13.0;
				MTL_ENABLE_DEBUG_INFO = INCLUDE_SOURCE;
				MTL_FAST_MATH = YES;
				ONLY_ACTIVE_ARCH = YES;
				SDKROOT = macosx;
				SWIFT_ACTIVE_COMPILATION_CONDITIONS = "DEBUG $(inherited)";
				SWIFT_OPTIMIZATION_LEVEL = "-Onone";
			};
			name = Debug;
		};
		"'F0800002'" = {
			isa = XCBuildConfiguration;
			buildSettings = {
				ALWAYS_SEARCH_USER_PATHS = NO;
				ASSETCATALOG_COMPILER_GENERATE_SWIFT_ASSET_SYMBOL_EXTENSIONS = YES;
				CLANG_ANALYZER_NONNULL = YES;
				CLANG_ANALYZER_NUMBER_OBJECT_CONVERSION = YES_AGGRESSIVE;
				CLANG_CXX_LANGUAGE_STANDARD = "gnu++20";
				CLANG_ENABLE_MODULES = YES;
				CLANG_ENABLE_OBJC_ARC = YES;
				CLANG_ENABLE_OBJC_WEAK = YES;
				CLANG_WARN_BLOCK_CAPTURE_AUTORELEASING = YES;
				CLANG_WARN_BOOL_CONVERSION = YES;
				CLANG_WARN_COMMA = YES;
				CLANG_WARN_CONSTANT_CONVERSION = YES;
				CLANG_WARN_DEPRECATED_OBJC_IMPLEMENTATIONS = YES;
				CLANG_WARN_DIRECT_OBJC_ISA_USAGE = YES_ERROR;
				CLANG_WARN_DOCUMENTATION_COMMENTS = YES;
				CLANG_WARN_EMPTY_BODY = YES;
				CLANG_WARN_ENUM_CONVERSION = YES;
				CLANG_WARN_INFINITE_RECURSION = YES;
				CLANG_WARN_INT_CONVERSION = YES;
				CLANG_WARN_NON_LITERAL_NULL_CONVERSION = YES;
				CLANG_WARN_OBJC_IMPLICIT_RETAIN_SELF = YES;
				CLANG_WARN_OBJC_LITERAL_CONVERSION = YES;
				CLANG_WARN_OBJC_ROOT_CLASS = YES_ERROR;
				CLANG_WARN_QUOTED_INCLUDE_IN_FRAMEWORK_HEADER = YES;
				CLANG_WARN_RANGE_LOOP_ANALYSIS = YES;
				CLANG_WARN_STRICT_PROTOTYPES = YES;
				CLANG_WARN_SUSPICIOUS_MOVE = YES;
				CLANG_WARN_UNGUARDED_AVAILABILITY = YES_AGGRESSIVE;
				CLANG_WARN_UNREACHABLE_CODE = YES;
				CLANG_WARN__DUPLICATE_METHOD_MATCH = YES;
				COPY_PHASE_STRIP = NO;
				DEBUG_INFORMATION_FORMAT = "dwarf-with-dsym";
				ENABLE_NS_ASSERTIONS = NO;
				ENABLE_STRICT_OBJC_MSGSEND = YES;
				ENABLE_USER_SCRIPT_SANDBOXING = YES;
				GCC_C_LANGUAGE_STANDARD = gnu17;
				GCC_NO_COMMON_BLOCKS = YES;
				GCC_WARN_64_TO_32_BIT_CONVERSION = YES;
				GCC_WARN_ABOUT_RETURN_TYPE = YES_ERROR;
				GCC_WARN_UNDECLARED_SELECTOR = YES;
				GCC_WARN_UNINITIALIZED_AUTOS = YES_AGGRESSIVE;
				GCC_WARN_UNUSED_FUNCTION = YES;
				GCC_WARN_UNUSED_VARIABLE = YES;
				LOCALIZATION_PREFERS_STRING_CATALOGS = YES;
				MACOSX_DEPLOYMENT_TARGET = 13.0;
				MTL_ENABLE_DEBUG_INFO = NO;
				MTL_FAST_MATH = YES;
				SDKROOT = macosx;
				SWIFT_COMPILATION_MODE = wholemodule;
			};
			name = Release;
		};
		"'F0800003'" = {
			isa = XCBuildConfiguration;
			buildSettings = {
				ASSETCATALOG_COMPILER_APPICON_NAME = AppIcon;
				CODE_SIGN_ENTITLEMENTS = DMSAApp/Resources/DMSA.entitlements;
				CODE_SIGN_STYLE = Automatic;
				COMBINE_HIDPI_IMAGES = YES;
				CURRENT_PROJECT_VERSION = 1;
				DEVELOPMENT_TEAM = 9QGKH6ZBPG;
				ENABLE_HARDENED_RUNTIME = YES;
				FRAMEWORK_SEARCH_PATHS = "$(inherited)";
				GENERATE_INFOPLIST_FILE = YES;
				INFOPLIST_FILE = DMSAApp/Resources/Info.plist;
				INFOPLIST_KEY_CFBundleDisplayName = "Delt MACOS Sync App";
				INFOPLIST_KEY_LSApplicationCategoryType = "public.app-category.utilities";
				INFOPLIST_KEY_LSUIElement = YES;
				INFOPLIST_KEY_NSHumanReadableCopyright = "Copyright © 2026. All rights reserved.";
				LD_RUNPATH_SEARCH_PATHS = (
					"$(inherited)",
					"@executable_path/../Frameworks",
				);
				MARKETING_VERSION = 2.0;
				PRODUCT_BUNDLE_IDENTIFIER = com.ttttt.dmsa;
				PRODUCT_NAME = DMSA;
				SWIFT_EMIT_LOC_STRINGS = YES;
				SWIFT_OBJC_BRIDGING_HEADER = "DMSAApp/DMSAApp-Bridging-Header.h";
				SWIFT_VERSION = 5.0;
			};
			name = Debug;
		};
		"'F0800004'" = {
			isa = XCBuildConfiguration;
			buildSettings = {
				ASSETCATALOG_COMPILER_APPICON_NAME = AppIcon;
				CODE_SIGN_ENTITLEMENTS = DMSAApp/Resources/DMSA.entitlements;
				CODE_SIGN_STYLE = Automatic;
				COMBINE_HIDPI_IMAGES = YES;
				CURRENT_PROJECT_VERSION = 1;
				DEVELOPMENT_TEAM = 9QGKH6ZBPG;
				ENABLE_HARDENED_RUNTIME = YES;
				FRAMEWORK_SEARCH_PATHS = "$(inherited)";
				GENERATE_INFOPLIST_FILE = YES;
				INFOPLIST_FILE = DMSAApp/Resources/Info.plist;
				INFOPLIST_KEY_CFBundleDisplayName = "Delt MACOS Sync App";
				INFOPLIST_KEY_LSApplicationCategoryType = "public.app-category.utilities";
				INFOPLIST_KEY_LSUIElement = YES;
				INFOPLIST_KEY_NSHumanReadableCopyright = "Copyright © 2026. All rights reserved.";
				LD_RUNPATH_SEARCH_PATHS = (
					"$(inherited)",
					"@executable_path/../Frameworks",
				);
				MARKETING_VERSION = 2.0;
				PRODUCT_BUNDLE_IDENTIFIER = com.ttttt.dmsa;
				PRODUCT_NAME = DMSA;
				SWIFT_EMIT_LOC_STRINGS = YES;
				SWIFT_OBJC_BRIDGING_HEADER = "DMSAApp/DMSAApp-Bridging-Header.h";
				SWIFT_VERSION = 5.0;
			};
			name = Release;
		};
		"'SVC700001'" = {
			isa = XCBuildConfiguration;
			buildSettings = {
				CODE_SIGN_ENTITLEMENTS = DMSAService/Resources/DMSAService.entitlements;
				CODE_SIGN_STYLE = Automatic;
				CREATE_INFOPLIST_SECTION_IN_BINARY = YES;
				DEVELOPMENT_TEAM = 9QGKH6ZBPG;
				ENABLE_HARDENED_RUNTIME = YES;
				FRAMEWORK_SEARCH_PATHS = (
					"$(inherited)",
					/Library/Frameworks,
				);
				GCC_PREPROCESSOR_DEFINITIONS = (
					"DEBUG=1",
					"_FILE_OFFSET_BITS=64",
					"$(inherited)",
				);
				HEADER_SEARCH_PATHS = (
					"$(inherited)",
					/usr/local/include,
					/Library/Frameworks/macFUSE.framework/Headers,
				);
				INFOPLIST_FILE = DMSAService/Resources/Info.plist;
				LD_RUNPATH_SEARCH_PATHS = (
					"$(inherited)",
					/usr/lib/swift,
					/Library/Frameworks,
				);
				LIBRARY_SEARCH_PATHS = (
					"$(inherited)",
					/usr/local/lib,
				);
				MACOSX_DEPLOYMENT_TARGET = 13.0;
				OTHER_LDFLAGS = (
					"$(inherited)",
					"-lfuse",
				);
				PRODUCT_BUNDLE_IDENTIFIER = com.ttttt.dmsa.service;
				PRODUCT_NAME = "$(TARGET_NAME)";
				SKIP_INSTALL = YES;
				SWIFT_OBJC_BRIDGING_HEADER = "DMSAService/DMSAService-Bridging-Header.h";
				SWIFT_VERSION = 5.0;
			};
			name = Debug;
		};
		"'SVC700002'" = {
			isa = XCBuildConfiguration;
			buildSettings = {
				CODE_SIGN_ENTITLEMENTS = DMSAService/Resources/DMSAService.entitlements;
				CODE_SIGN_STYLE = Automatic;
				CREATE_INFOPLIST_SECTION_IN_BINARY = YES;
				DEVELOPMENT_TEAM = 9QGKH6ZBPG;
				ENABLE_HARDENED_RUNTIME = YES;
				FRAMEWORK_SEARCH_PATHS = (
					"$(inherited)",
					/Library/Frameworks,
				);
				GCC_PREPROCESSOR_DEFINITIONS = (
					"_FILE_OFFSET_BITS=64",
					"$(inherited)",
				);
				HEADER_SEARCH_PATHS = (
					"$(inherited)",
					/usr/local/include,
					/Library/Frameworks/macFUSE.framework/Headers,
				);
				INFOPLIST_FILE = DMSAService/Resources/Info.plist;
				LD_RUNPATH_SEARCH_PATHS = (
					"$(inherited)",
					/usr/lib/swift,
					/Library/Frameworks,
				);
				LIBRARY_SEARCH_PATHS = (
					"$(inherited)",
					/usr/local/lib,
				);
				MACOSX_DEPLOYMENT_TARGET = 13.0;
				OTHER_LDFLAGS = (
					"$(inherited)",
					"-lfuse",
				);
				PRODUCT_BUNDLE_IDENTIFIER = com.ttttt.dmsa.service;
				PRODUCT_NAME = "$(TARGET_NAME)";
				SKIP_INSTALL = YES;
				SWIFT_OBJC_BRIDGING_HEADER = "DMSAService/DMSAService-Bridging-Header.h";
				SWIFT_VERSION = 5.0;
			};
			name = Release;
		};
/* End XCBuildConfiguration section */

/* Begin XCConfigurationList section */
		"'F0600001'" = {
			isa = XCConfigurationList;
			buildConfigurations = (
				F0800003,
				F0800004,
			);
			defaultConfigurationIsVisible = 0;
			defaultConfigurationName = Release;
		};
		"'F0600002'" = {
			isa = XCConfigurationList;
			buildConfigurations = (
				F0800001,
				F0800002,
			);
			defaultConfigurationIsVisible = 0;
			defaultConfigurationName = Release;
		};
		"'SVC600001'" = {
			isa = XCConfigurationList;
			buildConfigurations = (
				SVC700001,
				SVC700002,
			);
			defaultConfigurationIsVisible = 0;
			defaultConfigurationName = Release;
		};
/* End XCConfigurationList section */

/* Begin XCRemoteSwiftPackageReference section */
		"'F0A00001'" = {
			isa = XCRemoteSwiftPackageReference;
			repositoryURL = "https://github.com/MacPaw/PermissionsKit.git";
			requirement = {
				branch = master;
				kind = branch;
			};
		};
		858ACF142F28A2BB0015612A /* XCRemoteSwiftPackageReference "objectbox-swift-spm" */ = {
			isa = XCRemoteSwiftPackageReference;
			repositoryURL = "https://github.com/objectbox/objectbox-swift-spm";
			requirement = {
				kind = upToNextMajorVersion;
				minimumVersion = 5.1.1;
			};
		};
/* End XCRemoteSwiftPackageReference section */

/* Begin XCSwiftPackageProductDependency section */
		"'F0900001'" = {
			isa = XCSwiftPackageProductDependency;
			package = F0A00001;
			productName = PermissionsKit;
		};
		858ACF152F28A2BB0015612A /* ObjectBox.xcframework */ = {
			isa = XCSwiftPackageProductDependency;
			package = 858ACF142F28A2BB0015612A /* XCRemoteSwiftPackageReference "objectbox-swift-spm" */;
			productName = ObjectBox.xcframework;
		};
/* End XCSwiftPackageProductDependency section */
	};
	rootObject = F0700001;
}
